
Microsoft Visual Studio Solution File, Format Version 12.00
# Visual Studio Version 16
VisualStudioVersion = 16.0.31105.61
MinimumVisualStudioVersion = 10.0.40219.1
Project("{FAE04EC0-301F-11D3-BF4B-00C04F79EFBC}") = "Yield", "Yield\Yield.csproj", "{29E515A1-E862-4FBD-ABF9-F4C53981F72A}"
EndProject
Global
	GlobalSection(SolutionConfigurationPlatforms) = preSolution
		Debug|Any CPU = Debug|Any CPU
		Release|Any CPU = Release|Any CPU
	EndGlobalSection
	GlobalSection(ProjectConfigurationPlatforms) = postSolution
		{29E515A1-E862-4FBD-ABF9-F4C53981F72A}.Debug|Any CPU.ActiveCfg = Debug|Any CPU
		{29E515A1-E862-4FBD-ABF9-F4C53981F72A}.Debug|Any CPU.Build.0 = Debug|Any CPU
		{29E515A1-E862-4FBD-ABF9-F4C53981F72A}.Release|Any CPU.ActiveCfg = Release|Any CPU
		{29E515A1-E862-4FBD-ABF9-F4C53981F72A}.Release|Any CPU.Build.0 = Release|Any CPU
	EndGlobalSection
	GlobalSection(SolutionProperties) = preSolution
		HideSolutionNode = FALSE
	EndGlobalSection
	GlobalSection(ExtensibilityGlobals) = postSolution
		SolutionGuid = {58453F19-AEFB-4A74-B081-FDA4FF4367F0}
	EndGlobalSection
EndGlobal
